// !$*UTF8*$!
{
	archiveVersion = 1;
	classes = {
	};
	objectVersion = 46;
	objects = {

/* Begin PBXBuildFile section */
		520200BE18125CD2009BF77A /* RottenTomatoesClient.m in Sources */ = {isa = PBXBuildFile; fileRef = 520200BD18125CD2009BF77A /* RottenTomatoesClient.m */; };
		52BB7787181239A3003E3879 /* Foundation.framework in Frameworks */ = {isa = PBXBuildFile; fileRef = 52BB7786181239A3003E3879 /* Foundation.framework */; };
		52BB7789181239A3003E3879 /* CoreGraphics.framework in Frameworks */ = {isa = PBXBuildFile; fileRef = 52BB7788181239A3003E3879 /* CoreGraphics.framework */; };
		52BB778B181239A3003E3879 /* UIKit.framework in Frameworks */ = {isa = PBXBuildFile; fileRef = 52BB778A181239A3003E3879 /* UIKit.framework */; };
		52BB7791181239A3003E3879 /* InfoPlist.strings in Resources */ = {isa = PBXBuildFile; fileRef = 52BB778F181239A3003E3879 /* InfoPlist.strings */; };
		52BB7793181239A3003E3879 /* main.m in Sources */ = {isa = PBXBuildFile; fileRef = 52BB7792181239A3003E3879 /* main.m */; };
		52BB7797181239A3003E3879 /* AppDelegate.m in Sources */ = {isa = PBXBuildFile; fileRef = 52BB7796181239A3003E3879 /* AppDelegate.m */; };
		52BB779F181239A3003E3879 /* Images.xcassets in Resources */ = {isa = PBXBuildFile; fileRef = 52BB779E181239A3003E3879 /* Images.xcassets */; };
		52BB77A6181239A3003E3879 /* XCTest.framework in Frameworks */ = {isa = PBXBuildFile; fileRef = 52BB77A5181239A3003E3879 /* XCTest.framework */; };
		52BB77A7181239A3003E3879 /* Foundation.framework in Frameworks */ = {isa = PBXBuildFile; fileRef = 52BB7786181239A3003E3879 /* Foundation.framework */; };
		52BB77A8181239A3003E3879 /* UIKit.framework in Frameworks */ = {isa = PBXBuildFile; fileRef = 52BB778A181239A3003E3879 /* UIKit.framework */; };
		52BB77B0181239A3003E3879 /* InfoPlist.strings in Resources */ = {isa = PBXBuildFile; fileRef = 52BB77AE181239A3003E3879 /* InfoPlist.strings */; };
		52BB77B2181239A3003E3879 /* tomatoTestTests.m in Sources */ = {isa = PBXBuildFile; fileRef = 52BB77B1181239A3003E3879 /* tomatoTestTests.m */; };
		52BB77BD18123B9A003E3879 /* BoxOfficeViewController.m in Sources */ = {isa = PBXBuildFile; fileRef = 52BB77BC18123B9A003E3879 /* BoxOfficeViewController.m */; };
		52BB77BF18123C05003E3879 /* Main.storyboard in Resources */ = {isa = PBXBuildFile; fileRef = 52BB77BE18123C05003E3879 /* Main.storyboard */; };
		52BB77C218123F34003E3879 /* MovieCell.m in Sources */ = {isa = PBXBuildFile; fileRef = 52BB77C118123F34003E3879 /* MovieCell.m */; };
		F9A75A50C7564583952F70EB /* libPods.a in Frameworks */ = {isa = PBXBuildFile; fileRef = F9A71E6ADB8F4FEA9BC3C07F /* libPods.a */; };
/* End PBXBuildFile section */

/* Begin PBXContainerItemProxy section */
		52BB77A9181239A3003E3879 /* PBXContainerItemProxy */ = {
			isa = PBXContainerItemProxy;
			containerPortal = 52BB777B181239A3003E3879 /* Project object */;
			proxyType = 1;
			remoteGlobalIDString = 52BB7782181239A3003E3879;
			remoteInfo = tomatoTest;
		};
/* End PBXContainerItemProxy section */

/* Begin PBXFileReference section */
		06DA6C73A5CB428CB6E456FE /* Pods.xcconfig */ = {isa = PBXFileReference; includeInIndex = 1; lastKnownFileType = text.xcconfig; name = Pods.xcconfig; path = Pods/Pods.xcconfig; sourceTree = "<group>"; };
		520200BC18125CD2009BF77A /* RottenTomatoesClient.h */ = {isa = PBXFileReference; fileEncoding = 4; lastKnownFileType = sourcecode.c.h; path = RottenTomatoesClient.h; sourceTree = "<group>"; };
		520200BD18125CD2009BF77A /* RottenTomatoesClient.m */ = {isa = PBXFileReference; fileEncoding = 4; lastKnownFileType = sourcecode.c.objc; path = RottenTomatoesClient.m; sourceTree = "<group>"; };
		52BB7783181239A3003E3879 /* tomatoTest.app */ = {isa = PBXFileReference; explicitFileType = wrapper.application; includeInIndex = 0; path = tomatoTest.app; sourceTree = BUILT_PRODUCTS_DIR; };
		52BB7786181239A3003E3879 /* Foundation.framework */ = {isa = PBXFileReference; lastKnownFileType = wrapper.framework; name = Foundation.framework; path = System/Library/Frameworks/Foundation.framework; sourceTree = SDKROOT; };
		52BB7788181239A3003E3879 /* CoreGraphics.framework */ = {isa = PBXFileReference; lastKnownFileType = wrapper.framework; name = CoreGraphics.framework; path = System/Library/Frameworks/CoreGraphics.framework; sourceTree = SDKROOT; };
		52BB778A181239A3003E3879 /* UIKit.framework */ = {isa = PBXFileReference; lastKnownFileType = wrapper.framework; name = UIKit.framework; path = System/Library/Frameworks/UIKit.framework; sourceTree = SDKROOT; };
		52BB778E181239A3003E3879 /* tomatoTest-Info.plist */ = {isa = PBXFileReference; lastKnownFileType = text.plist.xml; path = "tomatoTest-Info.plist"; sourceTree = "<group>"; };
		52BB7790181239A3003E3879 /* en */ = {isa = PBXFileReference; lastKnownFileType = text.plist.strings; name = en; path = en.lproj/InfoPlist.strings; sourceTree = "<group>"; };
		52BB7792181239A3003E3879 /* main.m */ = {isa = PBXFileReference; lastKnownFileType = sourcecode.c.objc; path = main.m; sourceTree = "<group>"; };
		52BB7794181239A3003E3879 /* tomatoTest-Prefix.pch */ = {isa = PBXFileReference; lastKnownFileType = sourcecode.c.h; path = "tomatoTest-Prefix.pch"; sourceTree = "<group>"; };
		52BB7795181239A3003E3879 /* AppDelegate.h */ = {isa = PBXFileReference; lastKnownFileType = sourcecode.c.h; path = AppDelegate.h; sourceTree = "<group>"; };
		52BB7796181239A3003E3879 /* AppDelegate.m */ = {isa = PBXFileReference; lastKnownFileType = sourcecode.c.objc; path = AppDelegate.m; sourceTree = "<group>"; };
		52BB779E181239A3003E3879 /* Images.xcassets */ = {isa = PBXFileReference; lastKnownFileType = folder.assetcatalog; path = Images.xcassets; sourceTree = "<group>"; };
		52BB77A4181239A3003E3879 /* tomatoTestTests.xctest */ = {isa = PBXFileReference; explicitFileType = wrapper.cfbundle; includeInIndex = 0; path = tomatoTestTests.xctest; sourceTree = BUILT_PRODUCTS_DIR; };
		52BB77A5181239A3003E3879 /* XCTest.framework */ = {isa = PBXFileReference; lastKnownFileType = wrapper.framework; name = XCTest.framework; path = Library/Frameworks/XCTest.framework; sourceTree = DEVELOPER_DIR; };
		52BB77AD181239A3003E3879 /* tomatoTestTests-Info.plist */ = {isa = PBXFileReference; lastKnownFileType = text.plist.xml; path = "tomatoTestTests-Info.plist"; sourceTree = "<group>"; };
		52BB77AF181239A3003E3879 /* en */ = {isa = PBXFileReference; lastKnownFileType = text.plist.strings; name = en; path = en.lproj/InfoPlist.strings; sourceTree = "<group>"; };
		52BB77B1181239A3003E3879 /* tomatoTestTests.m */ = {isa = PBXFileReference; lastKnownFileType = sourcecode.c.objc; path = tomatoTestTests.m; sourceTree = "<group>"; };
		52BB77BB18123B9A003E3879 /* BoxOfficeViewController.h */ = {isa = PBXFileReference; fileEncoding = 4; lastKnownFileType = sourcecode.c.h; path = BoxOfficeViewController.h; sourceTree = "<group>"; };
		52BB77BC18123B9A003E3879 /* BoxOfficeViewController.m */ = {isa = PBXFileReference; fileEncoding = 4; lastKnownFileType = sourcecode.c.objc; path = BoxOfficeViewController.m; sourceTree = "<group>"; };
		52BB77BE18123C05003E3879 /* Main.storyboard */ = {isa = PBXFileReference; fileEncoding = 4; lastKnownFileType = file.storyboard; path = Main.storyboard; sourceTree = "<group>"; };
		52BB77C018123F34003E3879 /* MovieCell.h */ = {isa = PBXFileReference; fileEncoding = 4; lastKnownFileType = sourcecode.c.h; path = MovieCell.h; sourceTree = "<group>"; };
		52BB77C118123F34003E3879 /* MovieCell.m */ = {isa = PBXFileReference; fileEncoding = 4; lastKnownFileType = sourcecode.c.objc; path = MovieCell.m; sourceTree = "<group>"; };
		F9A71E6ADB8F4FEA9BC3C07F /* libPods.a */ = {isa = PBXFileReference; explicitFileType = archive.ar; includeInIndex = 0; path = libPods.a; sourceTree = BUILT_PRODUCTS_DIR; };
/* End PBXFileReference section */

/* Begin PBXFrameworksBuildPhase section */
		52BB7780181239A3003E3879 /* Frameworks */ = {
			isa = PBXFrameworksBuildPhase;
			buildActionMask = 2147483647;
			files = (
				52BB7789181239A3003E3879 /* CoreGraphics.framework in Frameworks */,
				52BB778B181239A3003E3879 /* UIKit.framework in Frameworks */,
				52BB7787181239A3003E3879 /* Foundation.framework in Frameworks */,
				F9A75A50C7564583952F70EB /* libPods.a in Frameworks */,
			);
			runOnlyForDeploymentPostprocessing = 0;
		};
		52BB77A1181239A3003E3879 /* Frameworks */ = {
			isa = PBXFrameworksBuildPhase;
			buildActionMask = 2147483647;
			files = (
				52BB77A6181239A3003E3879 /* XCTest.framework in Frameworks */,
				52BB77A8181239A3003E3879 /* UIKit.framework in Frameworks */,
				52BB77A7181239A3003E3879 /* Foundation.framework in Frameworks */,
			);
			runOnlyForDeploymentPostprocessing = 0;
		};
/* End PBXFrameworksBuildPhase section */

/* Begin PBXGroup section */
		52BB777A181239A3003E3879 = {
			isa = PBXGroup;
			children = (
				52BB778C181239A3003E3879 /* tomatoTest */,
				52BB77AB181239A3003E3879 /* tomatoTestTests */,
				52BB7785181239A3003E3879 /* Frameworks */,
				52BB7784181239A3003E3879 /* Products */,
				06DA6C73A5CB428CB6E456FE /* Pods.xcconfig */,
			);
			sourceTree = "<group>";
		};
		52BB7784181239A3003E3879 /* Products */ = {
			isa = PBXGroup;
			children = (
				52BB7783181239A3003E3879 /* tomatoTest.app */,
				52BB77A4181239A3003E3879 /* tomatoTestTests.xctest */,
			);
			name = Products;
			sourceTree = "<group>";
		};
		52BB7785181239A3003E3879 /* Frameworks */ = {
			isa = PBXGroup;
			children = (
				52BB7786181239A3003E3879 /* Foundation.framework */,
				52BB7788181239A3003E3879 /* CoreGraphics.framework */,
				52BB778A181239A3003E3879 /* UIKit.framework */,
				52BB77A5181239A3003E3879 /* XCTest.framework */,
				F9A71E6ADB8F4FEA9BC3C07F /* libPods.a */,
			);
			name = Frameworks;
			sourceTree = "<group>";
		};
		52BB778C181239A3003E3879 /* tomatoTest */ = {
			isa = PBXGroup;
			children = (
				52BB7795181239A3003E3879 /* AppDelegate.h */,
				52BB7796181239A3003E3879 /* AppDelegate.m */,
				52BB779E181239A3003E3879 /* Images.xcassets */,
				52BB77BE18123C05003E3879 /* Main.storyboard */,
				52BB77BB18123B9A003E3879 /* BoxOfficeViewController.h */,
				52BB77BC18123B9A003E3879 /* BoxOfficeViewController.m */,
				52BB778D181239A3003E3879 /* Supporting Files */,
				52BB77C018123F34003E3879 /* MovieCell.h */,
				52BB77C118123F34003E3879 /* MovieCell.m */,
				520200BC18125CD2009BF77A /* RottenTomatoesClient.h */,
				520200BD18125CD2009BF77A /* RottenTomatoesClient.m */,
			);
			path = tomatoTest;
			sourceTree = "<group>";
		};
		52BB778D181239A3003E3879 /* Supporting Files */ = {
			isa = PBXGroup;
			children = (
				52BB778E181239A3003E3879 /* tomatoTest-Info.plist */,
				52BB778F181239A3003E3879 /* InfoPlist.strings */,
				52BB7792181239A3003E3879 /* main.m */,
				52BB7794181239A3003E3879 /* tomatoTest-Prefix.pch */,
			);
			name = "Supporting Files";
			sourceTree = "<group>";
		};
		52BB77AB181239A3003E3879 /* tomatoTestTests */ = {
			isa = PBXGroup;
			children = (
				52BB77B1181239A3003E3879 /* tomatoTestTests.m */,
				52BB77AC181239A3003E3879 /* Supporting Files */,
			);
			path = tomatoTestTests;
			sourceTree = "<group>";
		};
		52BB77AC181239A3003E3879 /* Supporting Files */ = {
			isa = PBXGroup;
			children = (
				52BB77AD181239A3003E3879 /* tomatoTestTests-Info.plist */,
				52BB77AE181239A3003E3879 /* InfoPlist.strings */,
			);
			name = "Supporting Files";
			sourceTree = "<group>";
		};
/* End PBXGroup section */

/* Begin PBXNativeTarget section */
		52BB7782181239A3003E3879 /* tomatoTest */ = {
			isa = PBXNativeTarget;
			buildConfigurationList = 52BB77B5181239A3003E3879 /* Build configuration list for PBXNativeTarget "tomatoTest" */;
			buildPhases = (
				4D9F8A9F23E946DC872B58B5 /* Check Pods Manifest.lock */,
				52BB777F181239A3003E3879 /* Sources */,
				52BB7780181239A3003E3879 /* Frameworks */,
				52BB7781181239A3003E3879 /* Resources */,
				3E91923491CD409CA788988B /* Copy Pods Resources */,
			);
			buildRules = (
			);
			dependencies = (
			);
			name = tomatoTest;
			productName = tomatoTest;
			productReference = 52BB7783181239A3003E3879 /* tomatoTest.app */;
			productType = "com.apple.product-type.application";
		};
		52BB77A3181239A3003E3879 /* tomatoTestTests */ = {
			isa = PBXNativeTarget;
			buildConfigurationList = 52BB77B8181239A3003E3879 /* Build configuration list for PBXNativeTarget "tomatoTestTests" */;
			buildPhases = (
				52BB77A0181239A3003E3879 /* Sources */,
				52BB77A1181239A3003E3879 /* Frameworks */,
				52BB77A2181239A3003E3879 /* Resources */,
			);
			buildRules = (
			);
			dependencies = (
				52BB77AA181239A3003E3879 /* PBXTargetDependency */,
			);
			name = tomatoTestTests;
			productName = tomatoTestTests;
			productReference = 52BB77A4181239A3003E3879 /* tomatoTestTests.xctest */;
			productType = "com.apple.product-type.bundle.unit-test";
		};
/* End PBXNativeTarget section */

/* Begin PBXProject section */
		52BB777B181239A3003E3879 /* Project object */ = {
			isa = PBXProject;
			attributes = {
				LastUpgradeCheck = 0500;
				ORGANIZATIONNAME = John;
				TargetAttributes = {
					52BB77A3181239A3003E3879 = {
						TestTargetID = 52BB7782181239A3003E3879;
					};
				};
			};
			buildConfigurationList = 52BB777E181239A3003E3879 /* Build configuration list for PBXProject "tomatoTest" */;
			compatibilityVersion = "Xcode 3.2";
			developmentRegion = English;
			hasScannedForEncodings = 0;
			knownRegions = (
				en,
				Base,
			);
			mainGroup = 52BB777A181239A3003E3879;
			productRefGroup = 52BB7784181239A3003E3879 /* Products */;
			projectDirPath = "";
			projectRoot = "";
			targets = (
				52BB7782181239A3003E3879 /* tomatoTest */,
				52BB77A3181239A3003E3879 /* tomatoTestTests */,
			);
		};
/* End PBXProject section */

/* Begin PBXResourcesBuildPhase section */
		52BB7781181239A3003E3879 /* Resources */ = {
			isa = PBXResourcesBuildPhase;
			buildActionMask = 2147483647;
			files = (
				52BB77BF18123C05003E3879 /* Main.storyboard in Resources */,
				52BB779F181239A3003E3879 /* Images.xcassets in Resources */,
				52BB7791181239A3003E3879 /* InfoPlist.strings in Resources */,
			);
			runOnlyForDeploymentPostprocessing = 0;
		};
		52BB77A2181239A3003E3879 /* Resources */ = {
			isa = PBXResourcesBuildPhase;
			buildActionMask = 2147483647;
			files = (
				52BB77B0181239A3003E3879 /* InfoPlist.strings in Resources */,
			);
			runOnlyForDeploymentPostprocessing = 0;
		};
/* End PBXResourcesBuildPhase section */

/* Begin PBXShellScriptBuildPhase section */
		3E91923491CD409CA788988B /* Copy Pods Resources */ = {
			isa = PBXShellScriptBuildPhase;
			buildActionMask = 2147483647;
			files = (
			);
			inputPaths = (
			);
			name = "Copy Pods Resources";
			outputPaths = (
			);
			runOnlyForDeploymentPostprocessing = 0;
			shellPath = /bin/sh;
			shellScript = "\"${SRCROOT}/Pods/Pods-resources.sh\"\n";
			showEnvVarsInLog = 0;
		};
		4D9F8A9F23E946DC872B58B5 /* Check Pods Manifest.lock */ = {
			isa = PBXShellScriptBuildPhase;
			buildActionMask = 2147483647;
			files = (
			);
			inputPaths = (
			);
			name = "Check Pods Manifest.lock";
			outputPaths = (
			);
			runOnlyForDeploymentPostprocessing = 0;
			shellPath = /bin/sh;
			shellScript = "diff \"${PODS_ROOT}/../Podfile.lock\" \"${PODS_ROOT}/Manifest.lock\" > /dev/null\nif [[ $? != 0 ]] ; then\n    cat << EOM\nerror: The sandbox is not in sync with the Podfile.lock. Run 'pod install' or update your CocoaPods installation.\nEOM\n    exit 1\nfi\n";
			showEnvVarsInLog = 0;
		};
/* End PBXShellScriptBuildPhase section */

/* Begin PBXSourcesBuildPhase section */
		52BB777F181239A3003E3879 /* Sources */ = {
			isa = PBXSourcesBuildPhase;
			buildActionMask = 2147483647;
			files = (
				520200BE18125CD2009BF77A /* RottenTomatoesClient.m in Sources */,
				52BB7797181239A3003E3879 /* AppDelegate.m in Sources */,
				52BB77BD18123B9A003E3879 /* BoxOfficeViewController.m in Sources */,
				52BB77C218123F34003E3879 /* MovieCell.m in Sources */,
				52BB7793181239A3003E3879 /* main.m in Sources */,
			);
			runOnlyForDeploymentPostprocessing = 0;
		};
		52BB77A0181239A3003E3879 /* Sources */ = {
			isa = PBXSourcesBuildPhase;
			buildActionMask = 2147483647;
			files = (
				52BB77B2181239A3003E3879 /* tomatoTestTests.m in Sources */,
			);
			runOnlyForDeploymentPostprocessing = 0;
		};
/* End PBXSourcesBuildPhase section */

/* Begin PBXTargetDependency section */
		52BB77AA181239A3003E3879 /* PBXTargetDependency */ = {
			isa = PBXTargetDependency;
			target = 52BB7782181239A3003E3879 /* tomatoTest */;
			targetProxy = 52BB77A9181239A3003E3879 /* PBXContainerItemProxy */;
		};
/* End PBXTargetDependency section */

/* Begin PBXVariantGroup section */
		52BB778F181239A3003E3879 /* InfoPlist.strings */ = {
			isa = PBXVariantGroup;
			children = (
				52BB7790181239A3003E3879 /* en */,
			);
			name = InfoPlist.strings;
			sourceTree = "<group>";
		};
		52BB77AE181239A3003E3879 /* InfoPlist.strings */ = {
			isa = PBXVariantGroup;
			children = (
				52BB77AF181239A3003E3879 /* en */,
			);
			name = InfoPlist.strings;
			sourceTree = "<group>";
		};
/* End PBXVariantGroup section */

/* Begin XCBuildConfiguration section */
		52BB77B3181239A3003E3879 /* Debug */ = {
			isa = XCBuildConfiguration;
			buildSettings = {
				ALWAYS_SEARCH_USER_PATHS = NO;
				ARCHS = "$(ARCHS_STANDARD_INCLUDING_64_BIT)";
				CLANG_CXX_LANGUAGE_STANDARD = "gnu++0x";
				CLANG_CXX_LIBRARY = "libc++";
				CLANG_ENABLE_MODULES = YES;
				CLANG_ENABLE_OBJC_ARC = YES;
				CLANG_WARN_BOOL_CONVERSION = YES;
				CLANG_WARN_CONSTANT_CONVERSION = YES;
				CLANG_WARN_DIRECT_OBJC_ISA_USAGE = YES_ERROR;
				CLANG_WARN_EMPTY_BODY = YES;
				CLANG_WARN_ENUM_CONVERSION = YES;
				CLANG_WARN_INT_CONVERSION = YES;
				CLANG_WARN_OBJC_ROOT_CLASS = YES_ERROR;
				CLANG_WARN__DUPLICATE_METHOD_MATCH = YES;
				"CODE_SIGN_IDENTITY[sdk=iphoneos*]" = "iPhone Developer";
				COPY_PHASE_STRIP = NO;
				GCC_C_LANGUAGE_STANDARD = gnu99;
				GCC_DYNAMIC_NO_PIC = NO;
				GCC_OPTIMIZATION_LEVEL = 0;
				GCC_PREPROCESSOR_DEFINITIONS = (
					"DEBUG=1",
					"$(inherited)",
				);
				GCC_SYMBOLS_PRIVATE_EXTERN = NO;
				GCC_WARN_64_TO_32_BIT_CONVERSION = YES;
				GCC_WARN_ABOUT_RETURN_TYPE = YES_ERROR;
				GCC_WARN_UNDECLARED_SELECTOR = YES;
				GCC_WARN_UNINITIALIZED_AUTOS = YES;
				GCC_WARN_UNUSED_FUNCTION = YES;
				GCC_WARN_UNUSED_VARIABLE = YES;
				IPHONEOS_DEPLOYMENT_TARGET = 7.0;
				ONLY_ACTIVE_ARCH = YES;
				SDKROOT = iphoneos;
			};
			name = Debug;
		};
		52BB77B4181239A3003E3879 /* Release */ = {
			isa = XCBuildConfiguration;
			buildSettings = {
				ALWAYS_SEARCH_USER_PATHS = NO;
				ARCHS = "$(ARCHS_STANDARD_INCLUDING_64_BIT)";
				CLANG_CXX_LANGUAGE_STANDARD = "gnu++0x";
				CLANG_CXX_LIBRARY = "libc++";
				CLANG_ENABLE_MODULES = YES;
				CLANG_ENABLE_OBJC_ARC = YES;
				CLANG_WARN_BOOL_CONVERSION = YES;
				CLANG_WARN_CONSTANT_CONVERSION = YES;
				CLANG_WARN_DIRECT_OBJC_ISA_USAGE = YES_ERROR;
				CLANG_WARN_EMPTY_BODY = YES;
				CLANG_WARN_ENUM_CONVERSION = YES;
				CLANG_WARN_INT_CONVERSION = YES;
				CLANG_WARN_OBJC_ROOT_CLASS = YES_ERROR;
				CLANG_WARN__DUPLICATE_METHOD_MATCH = YES;
				"CODE_SIGN_IDENTITY[sdk=iphoneos*]" = "iPhone Developer";
				COPY_PHASE_STRIP = YES;
				ENABLE_NS_ASSERTIONS = NO;
				GCC_C_LANGUAGE_STANDARD = gnu99;
				GCC_WARN_64_TO_32_BIT_CONVERSION = YES;
				GCC_WARN_ABOUT_RETURN_TYPE = YES_ERROR;
				GCC_WARN_UNDECLARED_SELECTOR = YES;
				GCC_WARN_UNINITIALIZED_AUTOS = YES;
				GCC_WARN_UNUSED_FUNCTION = YES;
				GCC_WARN_UNUSED_VARIABLE = YES;
				IPHONEOS_DEPLOYMENT_TARGET = 7.0;
				SDKROOT = iphoneos;
				VALIDATE_PRODUCT = YES;
			};
			name = Release;
		};
		52BB77B6181239A3003E3879 /* Debug */ = {
			isa = XCBuildConfiguration;
			baseConfigurationReference = 06DA6C73A5CB428CB6E456FE /* Pods.xcconfig */;
			buildSettings = {
				ASSETCATALOG_COMPILER_APPICON_NAME = AppIcon;
				ASSETCATALOG_COMPILER_LAUNCHIMAGE_NAME = LaunchImage;
				GCC_PRECOMPILE_PREFIX_HEADER = YES;
				GCC_PREFIX_HEADER = "tomatoTest/tomatoTest-Prefix.pch";
				INFOPLIST_FILE = "tomatoTest/tomatoTest-Info.plist";
				PRODUCT_NAME = "$(TARGET_NAME)";
				WRAPPER_EXTENSION = app;
			};
			name = Debug;
		};
		52BB77B7181239A3003E3879 /* Release */ = {
			isa = XCBuildConfiguration;
			baseConfigurationReference = 06DA6C73A5CB428CB6E456FE /* Pods.xcconfig */;
			buildSettings = {
				ASSETCATALOG_COMPILER_APPICON_NAME = AppIcon;
				ASSETCATALOG_COMPILER_LAUNCHIMAGE_NAME = LaunchImage;
				GCC_PRECOMPILE_PREFIX_HEADER = YES;
				GCC_PREFIX_HEADER = "tomatoTest/tomatoTest-Prefix.pch";
				INFOPLIST_FILE = "tomatoTest/tomatoTest-Info.plist";
				PRODUCT_NAME = "$(TARGET_NAME)";
				WRAPPER_EXTENSION = app;
			};
			name = Release;
		};
		52BB77B9181239A3003E3879 /* Debug */ = {
			isa = XCBuildConfiguration;
			buildSettings = {
				ARCHS = "$(ARCHS_STANDARD_INCLUDING_64_BIT)";
				BUNDLE_LOADER = "$(BUILT_PRODUCTS_DIR)/tomatoTest.app/tomatoTest";
				FRAMEWORK_SEARCH_PATHS = (
					"$(SDKROOT)/Developer/Library/Frameworks",
					"$(inherited)",
					"$(DEVELOPER_FRAMEWORKS_DIR)",
				);
				GCC_PRECOMPILE_PREFIX_HEADER = YES;
				GCC_PREFIX_HEADER = "tomatoTest/tomatoTest-Prefix.pch";
				GCC_PREPROCESSOR_DEFINITIONS = (
					"DEBUG=1",
					"$(inherited)",
				);
				INFOPLIST_FILE = "tomatoTestTests/tomatoTestTests-Info.plist";
				PRODUCT_NAME = "$(TARGET_NAME)";
				TEST_HOST = "$(BUNDLE_LOADER)";
				WRAPPER_EXTENSION = xctest;
			};
			name = Debug;
		};
		52BB77BA181239A3003E3879 /* Release */ = {
			isa = XCBuildConfiguration;
			buildSettings = {
				ARCHS = "$(ARCHS_STANDARD_INCLUDING_64_BIT)";
				BUNDLE_LOADER = "$(BUILT_PRODUCTS_DIR)/tomatoTest.app/tomatoTest";
				FRAMEWORK_SEARCH_PATHS = (
					"$(SDKROOT)/Developer/Library/Frameworks",
					"$(inherited)",
					"$(DEVELOPER_FRAMEWORKS_DIR)",
				);
				GCC_PRECOMPILE_PREFIX_HEADER = YES;
				GCC_PREFIX_HEADER = "tomatoTest/tomatoTest-Prefix.pch";
				INFOPLIST_FILE = "tomatoTestTests/tomatoTestTests-Info.plist";
				PRODUCT_NAME = "$(TARGET_NAME)";
				TEST_HOST = "$(BUNDLE_LOADER)";
				WRAPPER_EXTENSION = xctest;
			};
			name = Release;
		};
/* End XCBuildConfiguration section */

/* Begin XCConfigurationList section */
		52BB777E181239A3003E3879 /* Build configuration list for PBXProject "tomatoTest" */ = {
			isa = XCConfigurationList;
			buildConfigurations = (
				52BB77B3181239A3003E3879 /* Debug */,
				52BB77B4181239A3003E3879 /* Release */,
			);
			defaultConfigurationIsVisible = 0;
			defaultConfigurationName = Release;
		};
		52BB77B5181239A3003E3879 /* Build configuration list for PBXNativeTarget "tomatoTest" */ = {
			isa = XCConfigurationList;
			buildConfigurations = (
				52BB77B6181239A3003E3879 /* Debug */,
				52BB77B7181239A3003E3879 /* Release */,
			);
			defaultConfigurationIsVisible = 0;
			defaultConfigurationName = Release;
		};
		52BB77B8181239A3003E3879 /* Build configuration list for PBXNativeTarget "tomatoTestTests" */ = {
			isa = XCConfigurationList;
			buildConfigurations = (
				52BB77B9181239A3003E3879 /* Debug */,
				52BB77BA181239A3003E3879 /* Release */,
			);
			defaultConfigurationIsVisible = 0;
			defaultConfigurationName = Release;
		};
/* End XCConfigurationList section */
	};
	rootObject = 52BB777B181239A3003E3879 /* Project object */;
}
